{
    "_meta": {
        "hash": {
            "sha256": "f961bb7df35d69c76924639b6f527e35ff40bbdf352504fee72a0aa255cf6438"
        },
        "pipfile-spec": 6,
        "requires": {
            "python_version": "3.8"
        },
        "sources": [
            {
                "name": "pypi",
                "url": "https://pypi.org/simple",
                "verify_ssl": true
            }
        ]
    },
    "default": {
        "ezdxf": {
            "hashes": [
                "sha256:09a54674a9c6086df013d805af13eb3a66e3afd9f6cc795b4e7fdd0fe1dc196d",
                "sha256:e0f0284f36f51199909880778480460e8c9cd07f7ff1089f9e9b4940cba8e291"
            ],
            "index": "pypi",
            "version": "==0.13.1"
        },
        "pyparsing": {
            "hashes": [
                "sha256:c203ec8783bf771a155b207279b9bccb8dea02d8f0c9e5f8ead507bc3246ecc1",
                "sha256:ef9d7589ef3c200abe66653d3f1ab1033c3c419ae9b9bdb1240a85b024efc88b"
            ],
            "version": "==2.4.7"
        },
        "tabulate": {
            "hashes": [
                "sha256:ac64cb76d53b1231d364babcd72abbb16855adac7de6665122f97b593f1eb2ba",
                "sha256:db2723a20d04bcda8522165c73eea7c300eda74e0ce852d9022e0159d7895007"
            ],
            "index": "pypi",
            "version": "==0.8.7"
        }
    },
    "develop": {}
}
